// !$*UTF8*$!
{
	archiveVersion = 1;
	classes = {
	};
	objectVersion = 50;
	objects = {

/* Begin PBXBuildFile section */
		3B5C11FE207E61430042A929 /* QuestionManager.m in Sources */ = {isa = PBXBuildFile; fileRef = 3B5C11FD207E61430042A929 /* QuestionManager.m */; };
		3B5C1201207E71310042A929 /* AdditionQuestion.m in Sources */ = {isa = PBXBuildFile; fileRef = 3B5C1200207E71310042A929 /* AdditionQuestion.m */; };
		3B5C1204207E71490042A929 /* SubtractionQuestion.m in Sources */ = {isa = PBXBuildFile; fileRef = 3B5C1203207E71490042A929 /* SubtractionQuestion.m */; };
		3B5C1207207E715B0042A929 /* DivisionQuestion.m in Sources */ = {isa = PBXBuildFile; fileRef = 3B5C1206207E715B0042A929 /* DivisionQuestion.m */; };
		3B5C120A207E71720042A929 /* MultiplicationQuestion.m in Sources */ = {isa = PBXBuildFile; fileRef = 3B5C1209207E71720042A929 /* MultiplicationQuestion.m */; };
		3B5C120D207E768E0042A929 /* QuestionFactory.m in Sources */ = {isa = PBXBuildFile; fileRef = 3B5C120C207E768E0042A929 /* QuestionFactory.m */; };
		3B815CD9207E33010072EE53 /* main.m in Sources */ = {isa = PBXBuildFile; fileRef = 3B815CD8207E33010072EE53 /* main.m */; };
		3B815CE1207E338C0072EE53 /* ScoreKeeper.m in Sources */ = {isa = PBXBuildFile; fileRef = 3B815CE0207E338C0072EE53 /* ScoreKeeper.m */; };
		3B815CE4207E33990072EE53 /* InputHandler.m in Sources */ = {isa = PBXBuildFile; fileRef = 3B815CE3207E33990072EE53 /* InputHandler.m */; };
		3B815CE7207E33A60072EE53 /* Question.m in Sources */ = {isa = PBXBuildFile; fileRef = 3B815CE6207E33A60072EE53 /* Question.m */; };
/* End PBXBuildFile section */

/* Begin PBXCopyFilesBuildPhase section */
		3B815CD3207E33010072EE53 /* CopyFiles */ = {
			isa = PBXCopyFilesBuildPhase;
			buildActionMask = 2147483647;
			dstPath = /usr/share/man/man1/;
			dstSubfolderSpec = 0;
			files = (
			);
			runOnlyForDeploymentPostprocessing = 1;
		};
/* End PBXCopyFilesBuildPhase section */

/* Begin PBXFileReference section */
		3B5C11FC207E61430042A929 /* QuestionManager.h */ = {isa = PBXFileReference; lastKnownFileType = sourcecode.c.h; path = QuestionManager.h; sourceTree = "<group>"; };
		3B5C11FD207E61430042A929 /* QuestionManager.m */ = {isa = PBXFileReference; lastKnownFileType = sourcecode.c.objc; path = QuestionManager.m; sourceTree = "<group>"; };
		3B5C11FF207E71310042A929 /* AdditionQuestion.h */ = {isa = PBXFileReference; lastKnownFileType = sourcecode.c.h; path = AdditionQuestion.h; sourceTree = "<group>"; };
		3B5C1200207E71310042A929 /* AdditionQuestion.m */ = {isa = PBXFileReference; lastKnownFileType = sourcecode.c.objc; path = AdditionQuestion.m; sourceTree = "<group>"; };
		3B5C1202207E71490042A929 /* SubtractionQuestion.h */ = {isa = PBXFileReference; lastKnownFileType = sourcecode.c.h; path = SubtractionQuestion.h; sourceTree = "<group>"; };
		3B5C1203207E71490042A929 /* SubtractionQuestion.m */ = {isa = PBXFileReference; lastKnownFileType = sourcecode.c.objc; path = SubtractionQuestion.m; sourceTree = "<group>"; };
		3B5C1205207E715B0042A929 /* DivisionQuestion.h */ = {isa = PBXFileReference; lastKnownFileType = sourcecode.c.h; path = DivisionQuestion.h; sourceTree = "<group>"; };
		3B5C1206207E715B0042A929 /* DivisionQuestion.m */ = {isa = PBXFileReference; lastKnownFileType = sourcecode.c.objc; path = DivisionQuestion.m; sourceTree = "<group>"; };
		3B5C1208207E71720042A929 /* MultiplicationQuestion.h */ = {isa = PBXFileReference; lastKnownFileType = sourcecode.c.h; path = MultiplicationQuestion.h; sourceTree = "<group>"; };
		3B5C1209207E71720042A929 /* MultiplicationQuestion.m */ = {isa = PBXFileReference; lastKnownFileType = sourcecode.c.objc; path = MultiplicationQuestion.m; sourceTree = "<group>"; };
		3B5C120B207E768E0042A929 /* QuestionFactory.h */ = {isa = PBXFileReference; lastKnownFileType = sourcecode.c.h; path = QuestionFactory.h; sourceTree = "<group>"; };
		3B5C120C207E768E0042A929 /* QuestionFactory.m */ = {isa = PBXFileReference; lastKnownFileType = sourcecode.c.objc; path = QuestionFactory.m; sourceTree = "<group>"; };
		3B815CD5207E33010072EE53 /* Maths Part 2 */ = {isa = PBXFileReference; explicitFileType = "compiled.mach-o.executable"; includeInIndex = 0; path = "Maths Part 2"; sourceTree = BUILT_PRODUCTS_DIR; };
		3B815CD8207E33010072EE53 /* main.m */ = {isa = PBXFileReference; lastKnownFileType = sourcecode.c.objc; path = main.m; sourceTree = "<group>"; };
		3B815CDF207E338C0072EE53 /* ScoreKeeper.h */ = {isa = PBXFileReference; lastKnownFileType = sourcecode.c.h; path = ScoreKeeper.h; sourceTree = "<group>"; };
		3B815CE0207E338C0072EE53 /* ScoreKeeper.m */ = {isa = PBXFileReference; lastKnownFileType = sourcecode.c.objc; path = ScoreKeeper.m; sourceTree = "<group>"; };
		3B815CE2207E33990072EE53 /* InputHandler.h */ = {isa = PBXFileReference; lastKnownFileType = sourcecode.c.h; path = InputHandler.h; sourceTree = "<group>"; };
		3B815CE3207E33990072EE53 /* InputHandler.m */ = {isa = PBXFileReference; lastKnownFileType = sourcecode.c.objc; path = InputHandler.m; sourceTree = "<group>"; };
		3B815CE5207E33A60072EE53 /* Question.h */ = {isa = PBXFileReference; lastKnownFileType = sourcecode.c.h; path = Question.h; sourceTree = "<group>"; };
		3B815CE6207E33A60072EE53 /* Question.m */ = {isa = PBXFileReference; lastKnownFileType = sourcecode.c.objc; path = Question.m; sourceTree = "<group>"; };
/* End PBXFileReference section */

/* Begin PBXFrameworksBuildPhase section */
		3B815CD2207E33010072EE53 /* Frameworks */ = {
			isa = PBXFrameworksBuildPhase;
			buildActionMask = 2147483647;
			files = (
			);
			runOnlyForDeploymentPostprocessing = 0;
		};
/* End PBXFrameworksBuildPhase section */

/* Begin PBXGroup section */
		3B815CCC207E33010072EE53 = {
			isa = PBXGroup;
			children = (
				3B815CD7207E33010072EE53 /* Maths Part 2 */,
				3B815CD6207E33010072EE53 /* Products */,
			);
			sourceTree = "<group>";
		};
		3B815CD6207E33010072EE53 /* Products */ = {
			isa = PBXGroup;
			children = (
				3B815CD5207E33010072EE53 /* Maths Part 2 */,
			);
			name = Products;
			sourceTree = "<group>";
		};
		3B815CD7207E33010072EE53 /* Maths Part 2 */ = {
			isa = PBXGroup;
			children = (
				3B815CD8207E33010072EE53 /* main.m */,
				3B815CDF207E338C0072EE53 /* ScoreKeeper.h */,
				3B815CE0207E338C0072EE53 /* ScoreKeeper.m */,
				3B815CE2207E33990072EE53 /* InputHandler.h */,
				3B815CE3207E33990072EE53 /* InputHandler.m */,
				3B815CE5207E33A60072EE53 /* Question.h */,
				3B815CE6207E33A60072EE53 /* Question.m */,
				3B5C11FC207E61430042A929 /* QuestionManager.h */,
				3B5C11FD207E61430042A929 /* QuestionManager.m */,
				3B5C11FF207E71310042A929 /* AdditionQuestion.h */,
				3B5C1200207E71310042A929 /* AdditionQuestion.m */,
				3B5C1202207E71490042A929 /* SubtractionQuestion.h */,
				3B5C1203207E71490042A929 /* SubtractionQuestion.m */,
				3B5C1205207E715B0042A929 /* DivisionQuestion.h */,
				3B5C1206207E715B0042A929 /* DivisionQuestion.m */,
				3B5C1208207E71720042A929 /* MultiplicationQuestion.h */,
				3B5C1209207E71720042A929 /* MultiplicationQuestion.m */,
				3B5C120B207E768E0042A929 /* QuestionFactory.h */,
				3B5C120C207E768E0042A929 /* QuestionFactory.m */,
			);
			path = "Maths Part 2";
			sourceTree = "<group>";
		};
/* End PBXGroup section */

/* Begin PBXNativeTarget section */
		3B815CD4207E33010072EE53 /* Maths Part 2 */ = {
			isa = PBXNativeTarget;
			buildConfigurationList = 3B815CDC207E33010072EE53 /* Build configuration list for PBXNativeTarget "Maths Part 2" */;
			buildPhases = (
				3B815CD1207E33010072EE53 /* Sources */,
				3B815CD2207E33010072EE53 /* Frameworks */,
				3B815CD3207E33010072EE53 /* CopyFiles */,
			);
			buildRules = (
			);
			dependencies = (
			);
			name = "Maths Part 2";
			productName = "Maths Part 2";
			productReference = 3B815CD5207E33010072EE53 /* Maths Part 2 */;
			productType = "com.apple.product-type.tool";
		};
/* End PBXNativeTarget section */

/* Begin PBXProject section */
		3B815CCD207E33010072EE53 /* Project object */ = {
			isa = PBXProject;
			attributes = {
				LastUpgradeCheck = 0930;
				ORGANIZATIONNAME = "Colin Russell";
				TargetAttributes = {
					3B815CD4207E33010072EE53 = {
						CreatedOnToolsVersion = 9.3;
					};
				};
			};
			buildConfigurationList = 3B815CD0207E33010072EE53 /* Build configuration list for PBXProject "Maths Part 2" */;
			compatibilityVersion = "Xcode 9.3";
			developmentRegion = en;
			hasScannedForEncodings = 0;
			knownRegions = (
				en,
			);
			mainGroup = 3B815CCC207E33010072EE53;
			productRefGroup = 3B815CD6207E33010072EE53 /* Products */;
			projectDirPath = "";
			projectRoot = "";
			targets = (
				3B815CD4207E33010072EE53 /* Maths Part 2 */,
			);
		};
/* End PBXProject section */

/* Begin PBXSourcesBuildPhase section */
		3B815CD1207E33010072EE53 /* Sources */ = {
			isa = PBXSourcesBuildPhase;
			buildActionMask = 2147483647;
			files = (
				3B5C11FE207E61430042A929 /* QuestionManager.m in Sources */,
				3B5C1201207E71310042A929 /* AdditionQuestion.m in Sources */,
				3B5C1207207E715B0042A929 /* DivisionQuestion.m in Sources */,
				3B5C1204207E71490042A929 /* SubtractionQuestion.m in Sources */,
				3B815CE1207E338C0072EE53 /* ScoreKeeper.m in Sources */,
				3B815CE7207E33A60072EE53 /* Question.m in Sources */,
				3B5C120A207E71720042A929 /* MultiplicationQuestion.m in Sources */,
				3B815CE4207E33990072EE53 /* InputHandler.m in Sources */,
				3B5C120D207E768E0042A929 /* QuestionFactory.m in Sources */,
				3B815CD9207E33010072EE53 /* main.m in Sources */,
			);
			runOnlyForDeploymentPostprocessing = 0;
		};
/* End PBXSourcesBuildPhase section */

/* Begin XCBuildConfiguration section */
		3B815CDA207E33010072EE53 /* Debug */ = {
			isa = XCBuildConfiguration;
			buildSettings = {
				ALWAYS_SEARCH_USER_PATHS = NO;
				CLANG_ANALYZER_NONNULL = YES;
				CLANG_ANALYZER_NUMBER_OBJECT_CONVERSION = YES_AGGRESSIVE;
				CLANG_CXX_LANGUAGE_STANDARD = "gnu++14";
				CLANG_CXX_LIBRARY = "libc++";
				CLANG_ENABLE_MODULES = YES;
				CLANG_ENABLE_OBJC_ARC = YES;
				CLANG_ENABLE_OBJC_WEAK = YES;
				CLANG_WARN_BLOCK_CAPTURE_AUTORELEASING = YES;
				CLANG_WARN_BOOL_CONVERSION = YES;
				CLANG_WARN_COMMA = YES;
				CLANG_WARN_CONSTANT_CONVERSION = YES;
				CLANG_WARN_DEPRECATED_OBJC_IMPLEMENTATIONS = YES;
				CLANG_WARN_DIRECT_OBJC_ISA_USAGE = YES_ERROR;
				CLANG_WARN_DOCUMENTATION_COMMENTS = YES;
				CLANG_WARN_EMPTY_BODY = YES;
				CLANG_WARN_ENUM_CONVERSION = YES;
				CLANG_WARN_INFINITE_RECURSION = YES;
				CLANG_WARN_INT_CONVERSION = YES;
				CLANG_WARN_NON_LITERAL_NULL_CONVERSION = YES;
				CLANG_WARN_OBJC_IMPLICIT_RETAIN_SELF = YES;
				CLANG_WARN_OBJC_LITERAL_CONVERSION = YES;
				CLANG_WARN_OBJC_ROOT_CLASS = YES_ERROR;
				CLANG_WARN_RANGE_LOOP_ANALYSIS = YES;
				CLANG_WARN_STRICT_PROTOTYPES = YES;
				CLANG_WARN_SUSPICIOUS_MOVE = YES;
				CLANG_WARN_UNGUARDED_AVAILABILITY = YES_AGGRESSIVE;
				CLANG_WARN_UNREACHABLE_CODE = YES;
				CLANG_WARN__DUPLICATE_METHOD_MATCH = YES;
				CODE_SIGN_IDENTITY = "-";
				COPY_PHASE_STRIP = NO;
				DEBUG_INFORMATION_FORMAT = dwarf;
				ENABLE_STRICT_OBJC_MSGSEND = YES;
				ENABLE_TESTABILITY = YES;
				GCC_C_LANGUAGE_STANDARD = gnu11;
				GCC_DYNAMIC_NO_PIC = NO;
				GCC_NO_COMMON_BLOCKS = YES;
				GCC_OPTIMIZATION_LEVEL = 0;
				GCC_PREPROCESSOR_DEFINITIONS = (
					"DEBUG=1",
					"$(inherited)",
				);
				GCC_WARN_64_TO_32_BIT_CONVERSION = YES;
				GCC_WARN_ABOUT_RETURN_TYPE = YES_ERROR;
				GCC_WARN_UNDECLARED_SELECTOR = YES;
				GCC_WARN_UNINITIALIZED_AUTOS = YES_AGGRESSIVE;
				GCC_WARN_UNUSED_FUNCTION = YES;
				GCC_WARN_UNUSED_VARIABLE = YES;
				MACOSX_DEPLOYMENT_TARGET = 10.13;
				MTL_ENABLE_DEBUG_INFO = YES;
				ONLY_ACTIVE_ARCH = YES;
				SDKROOT = macosx;
			};
			name = Debug;
		};
		3B815CDB207E33010072EE53 /* Release */ = {
			isa = XCBuildConfiguration;
			buildSettings = {
				ALWAYS_SEARCH_USER_PATHS = NO;
				CLANG_ANALYZER_NONNULL = YES;
				CLANG_ANALYZER_NUMBER_OBJECT_CONVERSION = YES_AGGRESSIVE;
				CLANG_CXX_LANGUAGE_STANDARD = "gnu++14";
				CLANG_CXX_LIBRARY = "libc++";
				CLANG_ENABLE_MODULES = YES;
				CLANG_ENABLE_OBJC_ARC = YES;
				CLANG_ENABLE_OBJC_WEAK = YES;
				CLANG_WARN_BLOCK_CAPTURE_AUTORELEASING = YES;
				CLANG_WARN_BOOL_CONVERSION = YES;
				CLANG_WARN_COMMA = YES;
				CLANG_WARN_CONSTANT_CONVERSION = YES;
				CLANG_WARN_DEPRECATED_OBJC_IMPLEMENTATIONS = YES;
				CLANG_WARN_DIRECT_OBJC_ISA_USAGE = YES_ERROR;
				CLANG_WARN_DOCUMENTATION_COMMENTS = YES;
				CLANG_WARN_EMPTY_BODY = YES;
				CLANG_WARN_ENUM_CONVERSION = YES;
				CLANG_WARN_INFINITE_RECURSION = YES;
				CLANG_WARN_INT_CONVERSION = YES;
				CLANG_WARN_NON_LITERAL_NULL_CONVERSION = YES;
				CLANG_WARN_OBJC_IMPLICIT_RETAIN_SELF = YES;
				CLANG_WARN_OBJC_LITERAL_CONVERSION = YES;
				CLANG_WARN_OBJC_ROOT_CLASS = YES_ERROR;
				CLANG_WARN_RANGE_LOOP_ANALYSIS = YES;
				CLANG_WARN_STRICT_PROTOTYPES = YES;
				CLANG_WARN_SUSPICIOUS_MOVE = YES;
				CLANG_WARN_UNGUARDED_AVAILABILITY = YES_AGGRESSIVE;
				CLANG_WARN_UNREACHABLE_CODE = YES;
				CLANG_WARN__DUPLICATE_METHOD_MATCH = YES;
				CODE_SIGN_IDENTITY = "-";
				COPY_PHASE_STRIP = NO;
				DEBUG_INFORMATION_FORMAT = "dwarf-with-dsym";
				ENABLE_NS_ASSERTIONS = NO;
				ENABLE_STRICT_OBJC_MSGSEND = YES;
				GCC_C_LANGUAGE_STANDARD = gnu11;
				GCC_NO_COMMON_BLOCKS = YES;
				GCC_WARN_64_TO_32_BIT_CONVERSION = YES;
				GCC_WARN_ABOUT_RETURN_TYPE = YES_ERROR;
				GCC_WARN_UNDECLARED_SELECTOR = YES;
				GCC_WARN_UNINITIALIZED_AUTOS = YES_AGGRESSIVE;
				GCC_WARN_UNUSED_FUNCTION = YES;
				GCC_WARN_UNUSED_VARIABLE = YES;
				MACOSX_DEPLOYMENT_TARGET = 10.13;
				MTL_ENABLE_DEBUG_INFO = NO;
				SDKROOT = macosx;
			};
			name = Release;
		};
		3B815CDD207E33010072EE53 /* Debug */ = {
			isa = XCBuildConfiguration;
			buildSettings = {
				CODE_SIGN_STYLE = Automatic;
				PRODUCT_NAME = "$(TARGET_NAME)";
			};
			name = Debug;
		};
		3B815CDE207E33010072EE53 /* Release */ = {
			isa = XCBuildConfiguration;
			buildSettings = {
				CODE_SIGN_STYLE = Automatic;
				PRODUCT_NAME = "$(TARGET_NAME)";
			};
			name = Release;
		};
/* End XCBuildConfiguration section */

/* Begin XCConfigurationList section */
		3B815CD0207E33010072EE53 /* Build configuration list for PBXProject "Maths Part 2" */ = {
			isa = XCConfigurationList;
			buildConfigurations = (
				3B815CDA207E33010072EE53 /* Debug */,
				3B815CDB207E33010072EE53 /* Release */,
			);
			defaultConfigurationIsVisible = 0;
			defaultConfigurationName = Release;
		};
		3B815CDC207E33010072EE53 /* Build configuration list for PBXNativeTarget "Maths Part 2" */ = {
			isa = XCConfigurationList;
			buildConfigurations = (
				3B815CDD207E33010072EE53 /* Debug */,
				3B815CDE207E33010072EE53 /* Release */,
			);
			defaultConfigurationIsVisible = 0;
			defaultConfigurationName = Release;
		};
/* End XCConfigurationList section */
	};
	rootObject = 3B815CCD207E33010072EE53 /* Project object */;
}
